
Microsoft Visual Studio Solution File, Format Version 12.00
# Visual Studio Version 16
VisualStudioVersion = 16.0.31005.135
MinimumVisualStudioVersion = 10.0.40219.1
Project("{FAE04EC0-301F-11D3-BF4B-00C04F79EFBC}") = "Task_Three", "Task_Three\Task_Three.csproj", "{14F27F03-4CDF-4352-B925-1FEC860609F0}"
EndProject
Global
	GlobalSection(SolutionConfigurationPlatforms) = preSolution
		Debug|Any CPU = Debug|Any CPU
		Release|Any CPU = Release|Any CPU
	EndGlobalSection
	GlobalSection(ProjectConfigurationPlatforms) = postSolution
		{14F27F03-4CDF-4352-B925-1FEC860609F0}.Debug|Any CPU.ActiveCfg = Debug|Any CPU
		{14F27F03-4CDF-4352-B925-1FEC860609F0}.Debug|Any CPU.Build.0 = Debug|Any CPU
		{14F27F03-4CDF-4352-B925-1FEC860609F0}.Release|Any CPU.ActiveCfg = Release|Any CPU
		{14F27F03-4CDF-4352-B925-1FEC860609F0}.Release|Any CPU.Build.0 = Release|Any CPU
	EndGlobalSection
	GlobalSection(SolutionProperties) = preSolution
		HideSolutionNode = FALSE
	EndGlobalSection
	GlobalSection(ExtensibilityGlobals) = postSolution
		SolutionGuid = {5DA3A774-5587-4575-AD99-AC74B040DF57}
	EndGlobalSection
EndGlobal
